{
  "name": "code-dev",
  "lockfileVersion": 3,
  "requires": true,
  "packages": {
    "": {
      "dependencies": {
        "color-interpolate": "^1.0.5"
      }
    },
    "node_modules/almost-equal": {
      "version": "1.1.0",
      "resolved": "https://registry.npmjs.org/almost-equal/-/almost-equal-1.1.0.tgz",
      "integrity": "sha512-0V/PkoculFl5+0Lp47JoxUcO0xSxhIBvm+BxHdD/OgXNmdRpRHCFnKVuUoWyS9EzQP+otSGv0m9Lb4yVkQBn2A=="
    },
    "node_modules/clamp": {
      "version": "1.0.1",
      "resolved": "https://registry.npmjs.org/clamp/-/clamp-1.0.1.tgz",
      "integrity": "sha512-kgMuFyE78OC6Dyu3Dy7vcx4uy97EIbVxJB/B0eJ3bUNAkwdNcxYzgKltnyADiYwsR7SEqkkUPsEUT//OVS6XMA=="
    },
    "node_modules/color-interpolate": {
      "version": "1.0.5",
      "resolved": "https://registry.npmjs.org/color-interpolate/-/color-interpolate-1.0.5.tgz",
      "integrity": "sha512-EcWwYtBJdbeHyYq/y5QwVWLBUm4s7+8K37ycgO9OdY6YuAEa0ywAY+ItlAxE1UO5bXW4ugxNhStTV3rsTZ35ZA==",
      "dependencies": {
        "clamp": "^1.0.1",
        "color-parse": "^1.2.0",
        "color-space": "^1.14.3",
        "lerp": "^1.0.3"
      }
    },
    "node_modules/color-name": {
      "version": "1.1.4",
      "resolved": "https://registry.npmjs.org/color-name/-/color-name-1.1.4.tgz",
      "integrity": "sha512-dOy+3AuW3a2wNbZHIuMZpTcgjGuLU/uBL/ubcZF9OXbDo8ff4O8yVp5Bf0efS8uEoYo5q4Fx7dY9OgQGXgAsQA=="
    },
    "node_modules/color-parse": {
      "version": "1.4.2",
      "resolved": "https://registry.npmjs.org/color-parse/-/color-parse-1.4.2.tgz",
      "integrity": "sha512-RI7s49/8yqDj3fECFZjUI1Yi0z/Gq1py43oNJivAIIDSyJiOZLfYCRQEgn8HEVAj++PcRe8AnL2XF0fRJ3BTnA==",
      "dependencies": {
        "color-name": "^1.0.0"
      }
    },
    "node_modules/color-space": {
      "version": "1.16.0",
      "resolved": "https://registry.npmjs.org/color-space/-/color-space-1.16.0.tgz",
      "integrity": "sha512-A6WMiFzunQ8KEPFmj02OnnoUnqhmSaHaZ/0LVFcPTdlvm8+3aMJ5x1HRHy3bDHPkovkf4sS0f4wsVvwk71fKkg==",
      "dependencies": {
        "hsluv": "^0.0.3",
        "mumath": "^3.3.4"
      }
    },
    "node_modules/hsluv": {
      "version": "0.0.3",
      "resolved": "https://registry.npmjs.org/hsluv/-/hsluv-0.0.3.tgz",
      "integrity": "sha512-08iL2VyCRbkQKBySkSh6m8zMUa3sADAxGVWs3Z1aPcUkTJeK0ETG4Fc27tEmQBGUAXZjIsXOZqBvacuVNSC/fQ=="
    },
    "node_modules/lerp": {
      "version": "1.0.3",
      "resolved": "https://registry.npmjs.org/lerp/-/lerp-1.0.3.tgz",
      "integrity": "sha512-70Rh4rCkJDvwWiTsyZ1HmJGvnyfFah4m6iTux29XmasRiZPDBpT9Cfa4ai73+uLZxnlKruUS62jj2lb11wURiA=="
    },
    "node_modules/mumath": {
      "version": "3.3.4",
      "resolved": "https://registry.npmjs.org/mumath/-/mumath-3.3.4.tgz",
      "integrity": "sha512-VAFIOG6rsxoc7q/IaY3jdjmrsuX9f15KlRLYTHmixASBZkZEKC1IFqE2BC5CdhXmK6WLM1Re33z//AGmeRI6FA==",
      "deprecated": "Redundant dependency in your project.",
      "dependencies": {
        "almost-equal": "^1.1.0"
      }
    }
  }
}
